
Microsoft Visual Studio Solution File, Format Version 12.00
# Visual Studio Version 17
VisualStudioVersion = 17.7.34202.233
MinimumVisualStudioVersion = 10.0.40219.1
Project("{FAE04EC0-301F-11D3-BF4B-00C04F79EFBC}") = "Learning", "Learning.csproj", "{0836007D-5659-46A0-9AE7-97E12ADEB1AA}"
EndProject
Global
	GlobalSection(SolutionConfigurationPlatforms) = preSolution
		Debug|Any CPU = Debug|Any CPU
		Release|Any CPU = Release|Any CPU
	EndGlobalSection
	GlobalSection(ProjectConfigurationPlatforms) = postSolution
		{0836007D-5659-46A0-9AE7-97E12ADEB1AA}.Debug|Any CPU.ActiveCfg = Debug|Any CPU
		{0836007D-5659-46A0-9AE7-97E12ADEB1AA}.Debug|Any CPU.Build.0 = Debug|Any CPU
		{0836007D-5659-46A0-9AE7-97E12ADEB1AA}.Release|Any CPU.ActiveCfg = Release|Any CPU
		{0836007D-5659-46A0-9AE7-97E12ADEB1AA}.Release|Any CPU.Build.0 = Release|Any CPU
	EndGlobalSection
	GlobalSection(SolutionProperties) = preSolution
		HideSolutionNode = FALSE
	EndGlobalSection
	GlobalSection(ExtensibilityGlobals) = postSolution
		SolutionGuid = {B0E7C8CF-DEE6-4309-9906-56C2B980F29D}
	EndGlobalSection
EndGlobal
